
Microsoft Visual Studio Solution File, Format Version 12.00
Project("{FAE04EC0-301F-11D3-BF4B-00C04F79EFBC}") = "WebTestServer", "WebTestServer\WebTestServer.csproj", "{C5E6D406-9CE3-4C5B-84C7-DE9D8073FD27}"
EndProject
Project("{FAE04EC0-301F-11D3-BF4B-00C04F79EFBC}") = "Handler", "Handler\Handler.csproj", "{45983C2B-270F-4084-89B3-18C68FF9726E}"
EndProject
Project("{FAE04EC0-301F-11D3-BF4B-00C04F79EFBC}") = "WebTestService", "WebTestService\WebTestService.csproj", "{22AA225B-35E3-49A9-A674-5E9CE4ECA633}"
EndProject
Global
	GlobalSection(SolutionConfigurationPlatforms) = preSolution
		Debug|Any CPU = Debug|Any CPU
		Release|Any CPU = Release|Any CPU
	EndGlobalSection
	GlobalSection(ProjectConfigurationPlatforms) = postSolution
		{C5E6D406-9CE3-4C5B-84C7-DE9D8073FD27}.Debug|Any CPU.ActiveCfg = Debug|Any CPU
		{C5E6D406-9CE3-4C5B-84C7-DE9D8073FD27}.Debug|Any CPU.Build.0 = Debug|Any CPU
		{C5E6D406-9CE3-4C5B-84C7-DE9D8073FD27}.Release|Any CPU.ActiveCfg = Release|Any CPU
		{C5E6D406-9CE3-4C5B-84C7-DE9D8073FD27}.Release|Any CPU.Build.0 = Release|Any CPU
		{45983C2B-270F-4084-89B3-18C68FF9726E}.Debug|Any CPU.ActiveCfg = Debug|Any CPU
		{45983C2B-270F-4084-89B3-18C68FF9726E}.Debug|Any CPU.Build.0 = Debug|Any CPU
		{45983C2B-270F-4084-89B3-18C68FF9726E}.Release|Any CPU.ActiveCfg = Release|Any CPU
		{45983C2B-270F-4084-89B3-18C68FF9726E}.Release|Any CPU.Build.0 = Release|Any CPU
		{22AA225B-35E3-49A9-A674-5E9CE4ECA633}.Debug|Any CPU.ActiveCfg = Debug|Any CPU
		{22AA225B-35E3-49A9-A674-5E9CE4ECA633}.Debug|Any CPU.Build.0 = Debug|Any CPU
		{22AA225B-35E3-49A9-A674-5E9CE4ECA633}.Release|Any CPU.ActiveCfg = Release|Any CPU
		{22AA225B-35E3-49A9-A674-5E9CE4ECA633}.Release|Any CPU.Build.0 = Release|Any CPU
	EndGlobalSection
EndGlobal
